
Microsoft Visual Studio Solution File, Format Version 12.00
# Visual Studio Version 16
VisualStudioVersion = 16.0.30621.155
MinimumVisualStudioVersion = 10.0.40219.1
Project("{FAE04EC0-301F-11D3-BF4B-00C04F79EFBC}") = "PublishSubscribeExampleWithObserverPattern", "PublishSubscribeExampleWithObserverPattern.csproj", "{238A4769-30DD-494A-B4D6-CAF547130ED0}"
EndProject
Global
	GlobalSection(SolutionConfigurationPlatforms) = preSolution
		Debug|Any CPU = Debug|Any CPU
		Release|Any CPU = Release|Any CPU
	EndGlobalSection
	GlobalSection(ProjectConfigurationPlatforms) = postSolution
		{238A4769-30DD-494A-B4D6-CAF547130ED0}.Debug|Any CPU.ActiveCfg = Debug|Any CPU
		{238A4769-30DD-494A-B4D6-CAF547130ED0}.Debug|Any CPU.Build.0 = Debug|Any CPU
		{238A4769-30DD-494A-B4D6-CAF547130ED0}.Release|Any CPU.ActiveCfg = Release|Any CPU
		{238A4769-30DD-494A-B4D6-CAF547130ED0}.Release|Any CPU.Build.0 = Release|Any CPU
	EndGlobalSection
	GlobalSection(SolutionProperties) = preSolution
		HideSolutionNode = FALSE
	EndGlobalSection
	GlobalSection(ExtensibilityGlobals) = postSolution
		SolutionGuid = {BED6753E-DCCA-428E-9EAF-F5DDDAE6BC6E}
	EndGlobalSection
EndGlobal
